
Microsoft Visual Studio Solution File, Format Version 12.00
# Visual Studio Version 17
VisualStudioVersion = 17.10.35122.118
MinimumVisualStudioVersion = 10.0.40219.1
Project("{FAE04EC0-301F-11D3-BF4B-00C04F79EFBC}") = "ATM", "ATM\ATM.csproj", "{28F92112-71E9-4E15-AAEC-6CF2A83E0E06}"
EndProject
Global
	GlobalSection(SolutionConfigurationPlatforms) = preSolution
		Debug|Any CPU = Debug|Any CPU
		Release|Any CPU = Release|Any CPU
	EndGlobalSection
	GlobalSection(ProjectConfigurationPlatforms) = postSolution
		{28F92112-71E9-4E15-AAEC-6CF2A83E0E06}.Debug|Any CPU.ActiveCfg = Debug|Any CPU
		{28F92112-71E9-4E15-AAEC-6CF2A83E0E06}.Debug|Any CPU.Build.0 = Debug|Any CPU
		{28F92112-71E9-4E15-AAEC-6CF2A83E0E06}.Release|Any CPU.ActiveCfg = Release|Any CPU
		{28F92112-71E9-4E15-AAEC-6CF2A83E0E06}.Release|Any CPU.Build.0 = Release|Any CPU
	EndGlobalSection
	GlobalSection(SolutionProperties) = preSolution
		HideSolutionNode = FALSE
	EndGlobalSection
	GlobalSection(ExtensibilityGlobals) = postSolution
		SolutionGuid = {B9E8C3CF-1A95-4E84-B05C-F2D8AB001899}
	EndGlobalSection
EndGlobal
